
Microsoft Visual Studio Solution File, Format Version 12.00
# Visual Studio Version 17
VisualStudioVersion = 17.2.32630.192
MinimumVisualStudioVersion = 10.0.40219.1
Project("{8BC9CEB8-8B4A-11D0-8D11-00A0C91BC942}") = "UVE_Preload_splitter", "UVE_Preload_splitter\UVE_Preload_splitter.vcxproj", "{780F2BD4-3B6F-4FF3-AD8F-B05D53AE09E5}"
EndProject
Global
	GlobalSection(SolutionConfigurationPlatforms) = preSolution
		Debug|x64 = Debug|x64
		Debug|x86 = Debug|x86
		Release|x64 = Release|x64
		Release|x86 = Release|x86
	EndGlobalSection
	GlobalSection(ProjectConfigurationPlatforms) = postSolution
		{780F2BD4-3B6F-4FF3-AD8F-B05D53AE09E5}.Debug|x64.ActiveCfg = Debug|x64
		{780F2BD4-3B6F-4FF3-AD8F-B05D53AE09E5}.Debug|x64.Build.0 = Debug|x64
		{780F2BD4-3B6F-4FF3-AD8F-B05D53AE09E5}.Debug|x86.ActiveCfg = Debug|Win32
		{780F2BD4-3B6F-4FF3-AD8F-B05D53AE09E5}.Debug|x86.Build.0 = Debug|Win32
		{780F2BD4-3B6F-4FF3-AD8F-B05D53AE09E5}.Release|x64.ActiveCfg = Release|x64
		{780F2BD4-3B6F-4FF3-AD8F-B05D53AE09E5}.Release|x64.Build.0 = Release|x64
		{780F2BD4-3B6F-4FF3-AD8F-B05D53AE09E5}.Release|x86.ActiveCfg = Release|Win32
		{780F2BD4-3B6F-4FF3-AD8F-B05D53AE09E5}.Release|x86.Build.0 = Release|Win32
	EndGlobalSection
	GlobalSection(SolutionProperties) = preSolution
		HideSolutionNode = FALSE
	EndGlobalSection
	GlobalSection(ExtensibilityGlobals) = postSolution
		SolutionGuid = {A95CD578-961C-42CE-918C-76734B922DAD}
	EndGlobalSection
EndGlobal
